
Microsoft Visual Studio Solution File, Format Version 12.00
# Visual Studio 15
VisualStudioVersion = 15.0.26124.0
MinimumVisualStudioVersion = 15.0.26124.0
Project("{FAE04EC0-301F-11D3-BF4B-00C04F79EFBC}") = "Startwatch", "Startwatch\Startwatch.csproj", "{1B11A843-4654-4667-B83A-5601C4C6C9C6}"
EndProject
Project("{FAE04EC0-301F-11D3-BF4B-00C04F79EFBC}") = "ExpressiveLogging.StartwatchExtensions", "ExpressiveLogging.StartwatchExtensions\ExpressiveLogging.StartwatchExtensions.csproj", "{02A27CD5-5913-4627-AC1A-BD2A62D5406E}"
EndProject
Project("{FAE04EC0-301F-11D3-BF4B-00C04F79EFBC}") = "Startwatch.Tests", "Startwatch.Tests\Startwatch.Tests.csproj", "{E7C6CAA6-2B7A-4EE8-B46D-403B5F2B480C}"
EndProject
Global
	GlobalSection(SolutionConfigurationPlatforms) = preSolution
		Debug|Any CPU = Debug|Any CPU
		Debug|x64 = Debug|x64
		Debug|x86 = Debug|x86
		Release|Any CPU = Release|Any CPU
		Release|x64 = Release|x64
		Release|x86 = Release|x86
	EndGlobalSection
	GlobalSection(SolutionProperties) = preSolution
		HideSolutionNode = FALSE
	EndGlobalSection
	GlobalSection(ProjectConfigurationPlatforms) = postSolution
		{1B11A843-4654-4667-B83A-5601C4C6C9C6}.Debug|Any CPU.ActiveCfg = Debug|Any CPU
		{1B11A843-4654-4667-B83A-5601C4C6C9C6}.Debug|Any CPU.Build.0 = Debug|Any CPU
		{1B11A843-4654-4667-B83A-5601C4C6C9C6}.Debug|x64.ActiveCfg = Debug|x64
		{1B11A843-4654-4667-B83A-5601C4C6C9C6}.Debug|x64.Build.0 = Debug|x64
		{1B11A843-4654-4667-B83A-5601C4C6C9C6}.Debug|x86.ActiveCfg = Debug|x86
		{1B11A843-4654-4667-B83A-5601C4C6C9C6}.Debug|x86.Build.0 = Debug|x86
		{1B11A843-4654-4667-B83A-5601C4C6C9C6}.Release|Any CPU.ActiveCfg = Release|Any CPU
		{1B11A843-4654-4667-B83A-5601C4C6C9C6}.Release|Any CPU.Build.0 = Release|Any CPU
		{1B11A843-4654-4667-B83A-5601C4C6C9C6}.Release|x64.ActiveCfg = Release|x64
		{1B11A843-4654-4667-B83A-5601C4C6C9C6}.Release|x64.Build.0 = Release|x64
		{1B11A843-4654-4667-B83A-5601C4C6C9C6}.Release|x86.ActiveCfg = Release|x86
		{1B11A843-4654-4667-B83A-5601C4C6C9C6}.Release|x86.Build.0 = Release|x86
		{02A27CD5-5913-4627-AC1A-BD2A62D5406E}.Debug|Any CPU.ActiveCfg = Debug|Any CPU
		{02A27CD5-5913-4627-AC1A-BD2A62D5406E}.Debug|Any CPU.Build.0 = Debug|Any CPU
		{02A27CD5-5913-4627-AC1A-BD2A62D5406E}.Debug|x64.ActiveCfg = Debug|x64
		{02A27CD5-5913-4627-AC1A-BD2A62D5406E}.Debug|x64.Build.0 = Debug|x64
		{02A27CD5-5913-4627-AC1A-BD2A62D5406E}.Debug|x86.ActiveCfg = Debug|x86
		{02A27CD5-5913-4627-AC1A-BD2A62D5406E}.Debug|x86.Build.0 = Debug|x86
		{02A27CD5-5913-4627-AC1A-BD2A62D5406E}.Release|Any CPU.ActiveCfg = Release|Any CPU
		{02A27CD5-5913-4627-AC1A-BD2A62D5406E}.Release|Any CPU.Build.0 = Release|Any CPU
		{02A27CD5-5913-4627-AC1A-BD2A62D5406E}.Release|x64.ActiveCfg = Release|x64
		{02A27CD5-5913-4627-AC1A-BD2A62D5406E}.Release|x64.Build.0 = Release|x64
		{02A27CD5-5913-4627-AC1A-BD2A62D5406E}.Release|x86.ActiveCfg = Release|x86
		{02A27CD5-5913-4627-AC1A-BD2A62D5406E}.Release|x86.Build.0 = Release|x86
		{E7C6CAA6-2B7A-4EE8-B46D-403B5F2B480C}.Debug|Any CPU.ActiveCfg = Debug|Any CPU
		{E7C6CAA6-2B7A-4EE8-B46D-403B5F2B480C}.Debug|Any CPU.Build.0 = Debug|Any CPU
		{E7C6CAA6-2B7A-4EE8-B46D-403B5F2B480C}.Debug|x64.ActiveCfg = Debug|x64
		{E7C6CAA6-2B7A-4EE8-B46D-403B5F2B480C}.Debug|x64.Build.0 = Debug|x64
		{E7C6CAA6-2B7A-4EE8-B46D-403B5F2B480C}.Debug|x86.ActiveCfg = Debug|x86
		{E7C6CAA6-2B7A-4EE8-B46D-403B5F2B480C}.Debug|x86.Build.0 = Debug|x86
		{E7C6CAA6-2B7A-4EE8-B46D-403B5F2B480C}.Release|Any CPU.ActiveCfg = Release|Any CPU
		{E7C6CAA6-2B7A-4EE8-B46D-403B5F2B480C}.Release|Any CPU.Build.0 = Release|Any CPU
		{E7C6CAA6-2B7A-4EE8-B46D-403B5F2B480C}.Release|x64.ActiveCfg = Release|x64
		{E7C6CAA6-2B7A-4EE8-B46D-403B5F2B480C}.Release|x64.Build.0 = Release|x64
		{E7C6CAA6-2B7A-4EE8-B46D-403B5F2B480C}.Release|x86.ActiveCfg = Release|x86
		{E7C6CAA6-2B7A-4EE8-B46D-403B5F2B480C}.Release|x86.Build.0 = Release|x86
	EndGlobalSection
EndGlobal
